
Microsoft Visual Studio Solution File, Format Version 12.00
# Visual Studio Version 16
VisualStudioVersion = 16.0.31313.79
MinimumVisualStudioVersion = 10.0.40219.1
Project("{FAE04EC0-301F-11D3-BF4B-00C04F79EFBC}") = "GraphicScriptInfo", "GraphicScriptInfo\GraphicScriptInfo.csproj", "{56859EF5-A716-41FC-8CD2-E963F87A3600}"
EndProject
Global
	GlobalSection(SolutionConfigurationPlatforms) = preSolution
		Debug|Any CPU = Debug|Any CPU
		Release|Any CPU = Release|Any CPU
	EndGlobalSection
	GlobalSection(ProjectConfigurationPlatforms) = postSolution
		{56859EF5-A716-41FC-8CD2-E963F87A3600}.Debug|Any CPU.ActiveCfg = Debug|Any CPU
		{56859EF5-A716-41FC-8CD2-E963F87A3600}.Debug|Any CPU.Build.0 = Debug|Any CPU
		{56859EF5-A716-41FC-8CD2-E963F87A3600}.Release|Any CPU.ActiveCfg = Release|Any CPU
		{56859EF5-A716-41FC-8CD2-E963F87A3600}.Release|Any CPU.Build.0 = Release|Any CPU
	EndGlobalSection
	GlobalSection(SolutionProperties) = preSolution
		HideSolutionNode = FALSE
	EndGlobalSection
	GlobalSection(ExtensibilityGlobals) = postSolution
		SolutionGuid = {95A8081A-A8EC-42EB-A946-2B80C7DE7532}
	EndGlobalSection
EndGlobal
